
Microsoft Visual Studio Solution File, Format Version 12.00
# Visual Studio Version 16
VisualStudioVersion = 16.0.29503.13
MinimumVisualStudioVersion = 10.0.40219.1
Project("{FAE04EC0-301F-11D3-BF4B-00C04F79EFBC}") = "MyKanban", "MyKanban\MyKanban.csproj", "{4FB0BB23-0128-4A85-8574-658AA00C72BF}"
EndProject
Project("{FAE04EC0-301F-11D3-BF4B-00C04F79EFBC}") = "Application", "Application\Application.csproj", "{B63839C6-ADB2-46A8-89E4-28D710730526}"
EndProject
Project("{FAE04EC0-301F-11D3-BF4B-00C04F79EFBC}") = "Domain", "Domain\Domain.csproj", "{1ECCD1C6-3D61-4849-A6ED-2D622D0F7A39}"
EndProject
Project("{FAE04EC0-301F-11D3-BF4B-00C04F79EFBC}") = "Infrastructure", "Infrastructure\Infrastructure.csproj", "{AA51DD77-63BE-4EF6-9A45-51789F34682C}"
EndProject
Global
	GlobalSection(SolutionConfigurationPlatforms) = preSolution
		Debug|Any CPU = Debug|Any CPU
		Release|Any CPU = Release|Any CPU
	EndGlobalSection
	GlobalSection(ProjectConfigurationPlatforms) = postSolution
		{4FB0BB23-0128-4A85-8574-658AA00C72BF}.Debug|Any CPU.ActiveCfg = Debug|Any CPU
		{4FB0BB23-0128-4A85-8574-658AA00C72BF}.Debug|Any CPU.Build.0 = Debug|Any CPU
		{4FB0BB23-0128-4A85-8574-658AA00C72BF}.Release|Any CPU.ActiveCfg = Release|Any CPU
		{4FB0BB23-0128-4A85-8574-658AA00C72BF}.Release|Any CPU.Build.0 = Release|Any CPU
		{B63839C6-ADB2-46A8-89E4-28D710730526}.Debug|Any CPU.ActiveCfg = Debug|Any CPU
		{B63839C6-ADB2-46A8-89E4-28D710730526}.Debug|Any CPU.Build.0 = Debug|Any CPU
		{B63839C6-ADB2-46A8-89E4-28D710730526}.Release|Any CPU.ActiveCfg = Release|Any CPU
		{B63839C6-ADB2-46A8-89E4-28D710730526}.Release|Any CPU.Build.0 = Release|Any CPU
		{1ECCD1C6-3D61-4849-A6ED-2D622D0F7A39}.Debug|Any CPU.ActiveCfg = Debug|Any CPU
		{1ECCD1C6-3D61-4849-A6ED-2D622D0F7A39}.Debug|Any CPU.Build.0 = Debug|Any CPU
		{1ECCD1C6-3D61-4849-A6ED-2D622D0F7A39}.Release|Any CPU.ActiveCfg = Release|Any CPU
		{1ECCD1C6-3D61-4849-A6ED-2D622D0F7A39}.Release|Any CPU.Build.0 = Release|Any CPU
		{AA51DD77-63BE-4EF6-9A45-51789F34682C}.Debug|Any CPU.ActiveCfg = Debug|Any CPU
		{AA51DD77-63BE-4EF6-9A45-51789F34682C}.Debug|Any CPU.Build.0 = Debug|Any CPU
		{AA51DD77-63BE-4EF6-9A45-51789F34682C}.Release|Any CPU.ActiveCfg = Release|Any CPU
		{AA51DD77-63BE-4EF6-9A45-51789F34682C}.Release|Any CPU.Build.0 = Release|Any CPU
	EndGlobalSection
	GlobalSection(SolutionProperties) = preSolution
		HideSolutionNode = FALSE
	EndGlobalSection
	GlobalSection(ExtensibilityGlobals) = postSolution
		SolutionGuid = {02A2ED5E-294F-4895-BE36-9FB1AC868937}
	EndGlobalSection
EndGlobal
